
Microsoft Visual Studio Solution File, Format Version 12.00
# Visual Studio Version 16
VisualStudioVersion = 16.0.32228.343
MinimumVisualStudioVersion = 10.0.40219.1
Project("{FAE04EC0-301F-11D3-BF4B-00C04F79EFBC}") = "OtherworldsServer", "OtherworldsServer\OtherworldsServer.csproj", "{2DBFBFB2-FDEA-4E2A-8981-5576884DDC6D}"
EndProject
Project("{FAE04EC0-301F-11D3-BF4B-00C04F79EFBC}") = "OtherworldDataform", "OtherworldDataform\OtherworldDataform\OtherworldDataform.csproj", "{58AC4107-2CE3-4D45-A475-E3BDBCD075AA}"
EndProject
Global
	GlobalSection(SolutionConfigurationPlatforms) = preSolution
		Debug|Any CPU = Debug|Any CPU
		Release|Any CPU = Release|Any CPU
	EndGlobalSection
	GlobalSection(ProjectConfigurationPlatforms) = postSolution
		{2DBFBFB2-FDEA-4E2A-8981-5576884DDC6D}.Debug|Any CPU.ActiveCfg = Debug|Any CPU
		{2DBFBFB2-FDEA-4E2A-8981-5576884DDC6D}.Debug|Any CPU.Build.0 = Debug|Any CPU
		{2DBFBFB2-FDEA-4E2A-8981-5576884DDC6D}.Release|Any CPU.ActiveCfg = Release|Any CPU
		{2DBFBFB2-FDEA-4E2A-8981-5576884DDC6D}.Release|Any CPU.Build.0 = Release|Any CPU
		{58AC4107-2CE3-4D45-A475-E3BDBCD075AA}.Debug|Any CPU.ActiveCfg = Debug|Any CPU
		{58AC4107-2CE3-4D45-A475-E3BDBCD075AA}.Debug|Any CPU.Build.0 = Debug|Any CPU
		{58AC4107-2CE3-4D45-A475-E3BDBCD075AA}.Release|Any CPU.ActiveCfg = Release|Any CPU
		{58AC4107-2CE3-4D45-A475-E3BDBCD075AA}.Release|Any CPU.Build.0 = Release|Any CPU
	EndGlobalSection
	GlobalSection(SolutionProperties) = preSolution
		HideSolutionNode = FALSE
	EndGlobalSection
	GlobalSection(ExtensibilityGlobals) = postSolution
		SolutionGuid = {E046BBDF-EC10-41A0-9DAA-7997F62D02E7}
	EndGlobalSection
EndGlobal
